{
  "name": "@aleph-indexer/pyth",
  "version": "1.0.0",
  "lockfileVersion": 2,
  "requires": true,
  "packages": {
    "": {
      "name": "@aleph-indexer/pyth",
      "version": "1.0.0",
      "license": "ISC",
      "devDependencies": {
        "@types/luxon": "^3.0.1"
      }
    },
    "node_modules/@types/luxon": {
      "version": "3.0.1",
      "resolved": "https://registry.npmjs.org/@types/luxon/-/luxon-3.0.1.tgz",
      "integrity": "sha512-/LAvk1cMOJt0ghzMFrZEvByUhsiEfeeT2IF53Le+Ki3A538yEL9pRZ7a6MuCxdrYK+YNqNIDmrKU/r2nnw04zQ==",
      "dev": true
    }
  },
  "dependencies": {
    "@types/luxon": {
      "version": "3.0.1",
      "resolved": "https://registry.npmjs.org/@types/luxon/-/luxon-3.0.1.tgz",
      "integrity": "sha512-/LAvk1cMOJt0ghzMFrZEvByUhsiEfeeT2IF53Le+Ki3A538yEL9pRZ7a6MuCxdrYK+YNqNIDmrKU/r2nnw04zQ==",
      "dev": true
    }
  }
}
