{
  "name": "@aleph-indexer/core",
  "version": "1.0.5",
  "lockfileVersion": 2,
  "requires": true,
  "packages": {
    "": {
      "name": "@aleph-indexer/core",
      "version": "1.0.5",
      "license": "ISC",
      "devDependencies": {
        "@types/bs58": "^4.0.1",
        "@types/compression": "^1.7.2",
        "@types/level": "^6.0.0"
      },
      "peerDependencies": {
        "luxon": "^2.0.2"
      }
    },
    "node_modules/@types/abstract-leveldown": {
      "version": "7.2.0",
      "resolved": "https://registry.npmjs.org/@types/abstract-leveldown/-/abstract-leveldown-7.2.0.tgz",
      "integrity": "sha512-q5veSX6zjUy/DlDhR4Y4cU0k2Ar+DT2LUraP00T19WLmTO6Se1djepCCaqU6nQrwcJ5Hyo/CWqxTzrrFg8eqbQ==",
      "dev": true
    },
    "node_modules/@types/body-parser": {
      "version": "1.19.2",
      "resolved": "https://registry.npmjs.org/@types/body-parser/-/body-parser-1.19.2.tgz",
      "integrity": "sha512-ALYone6pm6QmwZoAgeyNksccT9Q4AWZQ6PvfwR37GT6r6FWUPguq6sUmNGSMV2Wr761oQoBxwGGa6DR5o1DC9g==",
      "dev": true,
      "dependencies": {
        "@types/connect": "*",
        "@types/node": "*"
      }
    },
    "node_modules/@types/bs58": {
      "version": "4.0.1",
      "resolved": "https://registry.npmjs.org/@types/bs58/-/bs58-4.0.1.tgz",
      "integrity": "sha512-yfAgiWgVLjFCmRv8zAcOIHywYATEwiTVccTLnRp6UxTNavT55M9d/uhK3T03St/+8/z/wW+CRjGKUNmEqoHHCA==",
      "dev": true,
      "dependencies": {
        "base-x": "^3.0.6"
      }
    },
    "node_modules/@types/compression": {
      "version": "1.7.2",
      "resolved": "https://registry.npmjs.org/@types/compression/-/compression-1.7.2.tgz",
      "integrity": "sha512-lwEL4M/uAGWngWFLSG87ZDr2kLrbuR8p7X+QZB1OQlT+qkHsCPDVFnHPyXf4Vyl4yDDorNY+mAhosxkCvppatg==",
      "dev": true,
      "dependencies": {
        "@types/express": "*"
      }
    },
    "node_modules/@types/connect": {
      "version": "3.4.35",
      "resolved": "https://registry.npmjs.org/@types/connect/-/connect-3.4.35.tgz",
      "integrity": "sha512-cdeYyv4KWoEgpBISTxWvqYsVy444DOqehiF3fM3ne10AmJ62RSyNkUnxMJXHQWRQQX2eR94m5y1IZyDwBjV9FQ==",
      "dev": true,
      "dependencies": {
        "@types/node": "*"
      }
    },
    "node_modules/@types/encoding-down": {
      "version": "5.0.0",
      "resolved": "https://registry.npmjs.org/@types/encoding-down/-/encoding-down-5.0.0.tgz",
      "integrity": "sha512-G0MlS/+/U2RIQLcSEhhAcoMrXw3hXUCFSKbhbeEljoKMra2kq+NPX6tfOveSWQLX2hJXBo+YrvKgAGe+tFL1Aw==",
      "dev": true,
      "dependencies": {
        "@types/abstract-leveldown": "*",
        "@types/level-codec": "*"
      }
    },
    "node_modules/@types/express": {
      "version": "4.17.14",
      "resolved": "https://registry.npmjs.org/@types/express/-/express-4.17.14.tgz",
      "integrity": "sha512-TEbt+vaPFQ+xpxFLFssxUDXj5cWCxZJjIcB7Yg0k0GMHGtgtQgpvx/MUQUeAkNbA9AAGrwkAsoeItdTgS7FMyg==",
      "dev": true,
      "dependencies": {
        "@types/body-parser": "*",
        "@types/express-serve-static-core": "^4.17.18",
        "@types/qs": "*",
        "@types/serve-static": "*"
      }
    },
    "node_modules/@types/express-serve-static-core": {
      "version": "4.17.31",
      "resolved": "https://registry.npmjs.org/@types/express-serve-static-core/-/express-serve-static-core-4.17.31.tgz",
      "integrity": "sha512-DxMhY+NAsTwMMFHBTtJFNp5qiHKJ7TeqOo23zVEM9alT1Ml27Q3xcTH0xwxn7Q0BbMcVEJOs/7aQtUWupUQN3Q==",
      "dev": true,
      "dependencies": {
        "@types/node": "*",
        "@types/qs": "*",
        "@types/range-parser": "*"
      }
    },
    "node_modules/@types/level": {
      "version": "6.0.1",
      "resolved": "https://registry.npmjs.org/@types/level/-/level-6.0.1.tgz",
      "integrity": "sha512-4RK6vl9/CNCe5SyDCGaTgTOYEPNh8/wUaUY8UDN8AXon2D7hGPGIlx0t9jCds9wiKBqicsUyeAA0W4rUZeqYBQ==",
      "dev": true,
      "dependencies": {
        "@types/abstract-leveldown": "*",
        "@types/encoding-down": "*",
        "@types/levelup": "*"
      }
    },
    "node_modules/@types/level-codec": {
      "version": "9.0.1",
      "resolved": "https://registry.npmjs.org/@types/level-codec/-/level-codec-9.0.1.tgz",
      "integrity": "sha512-6z7DSlBsmbax3I/bV1Q6jT1nKquDjFl95LURVThdKtwILkRawLYtXdINW19xM95N5kqN2detWb2iGrbUlPwNyw==",
      "dev": true
    },
    "node_modules/@types/level-errors": {
      "version": "3.0.0",
      "resolved": "https://registry.npmjs.org/@types/level-errors/-/level-errors-3.0.0.tgz",
      "integrity": "sha512-/lMtoq/Cf/2DVOm6zE6ORyOM+3ZVm/BvzEZVxUhf6bgh8ZHglXlBqxbxSlJeVp8FCbD3IVvk/VbsaNmDjrQvqQ==",
      "dev": true
    },
    "node_modules/@types/levelup": {
      "version": "5.1.2",
      "resolved": "https://registry.npmjs.org/@types/levelup/-/levelup-5.1.2.tgz",
      "integrity": "sha512-JhCKONvFg2rEbsyyCCRkiPF03tMV1NyBXER4iXKBemgjwS4+SF6HGNuL4cfq6ueM6Yc+4ZbwJnU/5v6q3ZziUQ==",
      "dev": true,
      "dependencies": {
        "@types/abstract-leveldown": "*",
        "@types/level-errors": "*",
        "@types/node": "*"
      }
    },
    "node_modules/@types/mime": {
      "version": "3.0.1",
      "resolved": "https://registry.npmjs.org/@types/mime/-/mime-3.0.1.tgz",
      "integrity": "sha512-Y4XFY5VJAuw0FgAqPNd6NNoV44jbq9Bz2L7Rh/J6jLTiHBSBJa9fxqQIvkIld4GsoDOcCbvzOUAbLPsSKKg+uA==",
      "dev": true
    },
    "node_modules/@types/node": {
      "version": "18.7.18",
      "resolved": "https://registry.npmjs.org/@types/node/-/node-18.7.18.tgz",
      "integrity": "sha512-m+6nTEOadJZuTPkKR/SYK3A2d7FZrgElol9UP1Kae90VVU4a6mxnPuLiIW1m4Cq4gZ/nWb9GrdVXJCoCazDAbg==",
      "dev": true
    },
    "node_modules/@types/qs": {
      "version": "6.9.7",
      "resolved": "https://registry.npmjs.org/@types/qs/-/qs-6.9.7.tgz",
      "integrity": "sha512-FGa1F62FT09qcrueBA6qYTrJPVDzah9a+493+o2PCXsesWHIn27G98TsSMs3WPNbZIEj4+VJf6saSFpvD+3Zsw==",
      "dev": true
    },
    "node_modules/@types/range-parser": {
      "version": "1.2.4",
      "resolved": "https://registry.npmjs.org/@types/range-parser/-/range-parser-1.2.4.tgz",
      "integrity": "sha512-EEhsLsD6UsDM1yFhAvy0Cjr6VwmpMWqFBCb9w07wVugF7w9nfajxLuVmngTIpgS6svCnm6Vaw+MZhoDCKnOfsw==",
      "dev": true
    },
    "node_modules/@types/serve-static": {
      "version": "1.15.0",
      "resolved": "https://registry.npmjs.org/@types/serve-static/-/serve-static-1.15.0.tgz",
      "integrity": "sha512-z5xyF6uh8CbjAu9760KDKsH2FcDxZ2tFCsA4HIMWE6IkiYMXfVoa+4f9KX+FN0ZLsaMw1WNG2ETLA6N+/YA+cg==",
      "dev": true,
      "dependencies": {
        "@types/mime": "*",
        "@types/node": "*"
      }
    },
    "node_modules/base-x": {
      "version": "3.0.9",
      "resolved": "https://registry.npmjs.org/base-x/-/base-x-3.0.9.tgz",
      "integrity": "sha512-H7JU6iBHTal1gp56aKoaa//YUxEaAOUiydvrV/pILqIHXTtqxSkATOnDA2u+jZ/61sD+L/412+7kzXRtWukhpQ==",
      "dev": true,
      "dependencies": {
        "safe-buffer": "^5.0.1"
      }
    },
    "node_modules/luxon": {
      "version": "2.5.0",
      "resolved": "https://registry.npmjs.org/luxon/-/luxon-2.5.0.tgz",
      "integrity": "sha512-IDkEPB80Rb6gCAU+FEib0t4FeJ4uVOuX1CQ9GsvU3O+JAGIgu0J7sf1OarXKaKDygTZIoJyU6YdZzTFRu+YR0A==",
      "peer": true,
      "engines": {
        "node": ">=12"
      }
    },
    "node_modules/safe-buffer": {
      "version": "5.2.1",
      "resolved": "https://registry.npmjs.org/safe-buffer/-/safe-buffer-5.2.1.tgz",
      "integrity": "sha512-rp3So07KcdmmKbGvgaNxQSJr7bGVSVk5S9Eq1F+ppbRo70+YeaDxkw5Dd8NPN+GD6bjnYm2VuPuCXmpuYvmCXQ==",
      "dev": true,
      "funding": [
        {
          "type": "github",
          "url": "https://github.com/sponsors/feross"
        },
        {
          "type": "patreon",
          "url": "https://www.patreon.com/feross"
        },
        {
          "type": "consulting",
          "url": "https://feross.org/support"
        }
      ]
    }
  },
  "dependencies": {
    "@types/abstract-leveldown": {
      "version": "7.2.0",
      "resolved": "https://registry.npmjs.org/@types/abstract-leveldown/-/abstract-leveldown-7.2.0.tgz",
      "integrity": "sha512-q5veSX6zjUy/DlDhR4Y4cU0k2Ar+DT2LUraP00T19WLmTO6Se1djepCCaqU6nQrwcJ5Hyo/CWqxTzrrFg8eqbQ==",
      "dev": true
    },
    "@types/body-parser": {
      "version": "1.19.2",
      "resolved": "https://registry.npmjs.org/@types/body-parser/-/body-parser-1.19.2.tgz",
      "integrity": "sha512-ALYone6pm6QmwZoAgeyNksccT9Q4AWZQ6PvfwR37GT6r6FWUPguq6sUmNGSMV2Wr761oQoBxwGGa6DR5o1DC9g==",
      "dev": true,
      "requires": {
        "@types/connect": "*",
        "@types/node": "*"
      }
    },
    "@types/bs58": {
      "version": "4.0.1",
      "resolved": "https://registry.npmjs.org/@types/bs58/-/bs58-4.0.1.tgz",
      "integrity": "sha512-yfAgiWgVLjFCmRv8zAcOIHywYATEwiTVccTLnRp6UxTNavT55M9d/uhK3T03St/+8/z/wW+CRjGKUNmEqoHHCA==",
      "dev": true,
      "requires": {
        "base-x": "^3.0.6"
      }
    },
    "@types/compression": {
      "version": "1.7.2",
      "resolved": "https://registry.npmjs.org/@types/compression/-/compression-1.7.2.tgz",
      "integrity": "sha512-lwEL4M/uAGWngWFLSG87ZDr2kLrbuR8p7X+QZB1OQlT+qkHsCPDVFnHPyXf4Vyl4yDDorNY+mAhosxkCvppatg==",
      "dev": true,
      "requires": {
        "@types/express": "*"
      }
    },
    "@types/connect": {
      "version": "3.4.35",
      "resolved": "https://registry.npmjs.org/@types/connect/-/connect-3.4.35.tgz",
      "integrity": "sha512-cdeYyv4KWoEgpBISTxWvqYsVy444DOqehiF3fM3ne10AmJ62RSyNkUnxMJXHQWRQQX2eR94m5y1IZyDwBjV9FQ==",
      "dev": true,
      "requires": {
        "@types/node": "*"
      }
    },
    "@types/encoding-down": {
      "version": "5.0.0",
      "resolved": "https://registry.npmjs.org/@types/encoding-down/-/encoding-down-5.0.0.tgz",
      "integrity": "sha512-G0MlS/+/U2RIQLcSEhhAcoMrXw3hXUCFSKbhbeEljoKMra2kq+NPX6tfOveSWQLX2hJXBo+YrvKgAGe+tFL1Aw==",
      "dev": true,
      "requires": {
        "@types/abstract-leveldown": "*",
        "@types/level-codec": "*"
      }
    },
    "@types/express": {
      "version": "4.17.14",
      "resolved": "https://registry.npmjs.org/@types/express/-/express-4.17.14.tgz",
      "integrity": "sha512-TEbt+vaPFQ+xpxFLFssxUDXj5cWCxZJjIcB7Yg0k0GMHGtgtQgpvx/MUQUeAkNbA9AAGrwkAsoeItdTgS7FMyg==",
      "dev": true,
      "requires": {
        "@types/body-parser": "*",
        "@types/express-serve-static-core": "^4.17.18",
        "@types/qs": "*",
        "@types/serve-static": "*"
      }
    },
    "@types/express-serve-static-core": {
      "version": "4.17.31",
      "resolved": "https://registry.npmjs.org/@types/express-serve-static-core/-/express-serve-static-core-4.17.31.tgz",
      "integrity": "sha512-DxMhY+NAsTwMMFHBTtJFNp5qiHKJ7TeqOo23zVEM9alT1Ml27Q3xcTH0xwxn7Q0BbMcVEJOs/7aQtUWupUQN3Q==",
      "dev": true,
      "requires": {
        "@types/node": "*",
        "@types/qs": "*",
        "@types/range-parser": "*"
      }
    },
    "@types/level": {
      "version": "6.0.1",
      "resolved": "https://registry.npmjs.org/@types/level/-/level-6.0.1.tgz",
      "integrity": "sha512-4RK6vl9/CNCe5SyDCGaTgTOYEPNh8/wUaUY8UDN8AXon2D7hGPGIlx0t9jCds9wiKBqicsUyeAA0W4rUZeqYBQ==",
      "dev": true,
      "requires": {
        "@types/abstract-leveldown": "*",
        "@types/encoding-down": "*",
        "@types/levelup": "*"
      }
    },
    "@types/level-codec": {
      "version": "9.0.1",
      "resolved": "https://registry.npmjs.org/@types/level-codec/-/level-codec-9.0.1.tgz",
      "integrity": "sha512-6z7DSlBsmbax3I/bV1Q6jT1nKquDjFl95LURVThdKtwILkRawLYtXdINW19xM95N5kqN2detWb2iGrbUlPwNyw==",
      "dev": true
    },
    "@types/level-errors": {
      "version": "3.0.0",
      "resolved": "https://registry.npmjs.org/@types/level-errors/-/level-errors-3.0.0.tgz",
      "integrity": "sha512-/lMtoq/Cf/2DVOm6zE6ORyOM+3ZVm/BvzEZVxUhf6bgh8ZHglXlBqxbxSlJeVp8FCbD3IVvk/VbsaNmDjrQvqQ==",
      "dev": true
    },
    "@types/levelup": {
      "version": "5.1.2",
      "resolved": "https://registry.npmjs.org/@types/levelup/-/levelup-5.1.2.tgz",
      "integrity": "sha512-JhCKONvFg2rEbsyyCCRkiPF03tMV1NyBXER4iXKBemgjwS4+SF6HGNuL4cfq6ueM6Yc+4ZbwJnU/5v6q3ZziUQ==",
      "dev": true,
      "requires": {
        "@types/abstract-leveldown": "*",
        "@types/level-errors": "*",
        "@types/node": "*"
      }
    },
    "@types/mime": {
      "version": "3.0.1",
      "resolved": "https://registry.npmjs.org/@types/mime/-/mime-3.0.1.tgz",
      "integrity": "sha512-Y4XFY5VJAuw0FgAqPNd6NNoV44jbq9Bz2L7Rh/J6jLTiHBSBJa9fxqQIvkIld4GsoDOcCbvzOUAbLPsSKKg+uA==",
      "dev": true
    },
    "@types/node": {
      "version": "18.7.18",
      "resolved": "https://registry.npmjs.org/@types/node/-/node-18.7.18.tgz",
      "integrity": "sha512-m+6nTEOadJZuTPkKR/SYK3A2d7FZrgElol9UP1Kae90VVU4a6mxnPuLiIW1m4Cq4gZ/nWb9GrdVXJCoCazDAbg==",
      "dev": true
    },
    "@types/qs": {
      "version": "6.9.7",
      "resolved": "https://registry.npmjs.org/@types/qs/-/qs-6.9.7.tgz",
      "integrity": "sha512-FGa1F62FT09qcrueBA6qYTrJPVDzah9a+493+o2PCXsesWHIn27G98TsSMs3WPNbZIEj4+VJf6saSFpvD+3Zsw==",
      "dev": true
    },
    "@types/range-parser": {
      "version": "1.2.4",
      "resolved": "https://registry.npmjs.org/@types/range-parser/-/range-parser-1.2.4.tgz",
      "integrity": "sha512-EEhsLsD6UsDM1yFhAvy0Cjr6VwmpMWqFBCb9w07wVugF7w9nfajxLuVmngTIpgS6svCnm6Vaw+MZhoDCKnOfsw==",
      "dev": true
    },
    "@types/serve-static": {
      "version": "1.15.0",
      "resolved": "https://registry.npmjs.org/@types/serve-static/-/serve-static-1.15.0.tgz",
      "integrity": "sha512-z5xyF6uh8CbjAu9760KDKsH2FcDxZ2tFCsA4HIMWE6IkiYMXfVoa+4f9KX+FN0ZLsaMw1WNG2ETLA6N+/YA+cg==",
      "dev": true,
      "requires": {
        "@types/mime": "*",
        "@types/node": "*"
      }
    },
    "base-x": {
      "version": "3.0.9",
      "resolved": "https://registry.npmjs.org/base-x/-/base-x-3.0.9.tgz",
      "integrity": "sha512-H7JU6iBHTal1gp56aKoaa//YUxEaAOUiydvrV/pILqIHXTtqxSkATOnDA2u+jZ/61sD+L/412+7kzXRtWukhpQ==",
      "dev": true,
      "requires": {
        "safe-buffer": "^5.0.1"
      }
    },
    "luxon": {
      "version": "2.5.0",
      "resolved": "https://registry.npmjs.org/luxon/-/luxon-2.5.0.tgz",
      "integrity": "sha512-IDkEPB80Rb6gCAU+FEib0t4FeJ4uVOuX1CQ9GsvU3O+JAGIgu0J7sf1OarXKaKDygTZIoJyU6YdZzTFRu+YR0A==",
      "peer": true
    },
    "safe-buffer": {
      "version": "5.2.1",
      "resolved": "https://registry.npmjs.org/safe-buffer/-/safe-buffer-5.2.1.tgz",
      "integrity": "sha512-rp3So07KcdmmKbGvgaNxQSJr7bGVSVk5S9Eq1F+ppbRo70+YeaDxkw5Dd8NPN+GD6bjnYm2VuPuCXmpuYvmCXQ==",
      "dev": true
    }
  }
}
